
Microsoft Visual Studio Solution File, Format Version 12.00
# Visual Studio Version 17
VisualStudioVersion = 17.0.31903.59
MinimumVisualStudioVersion = 10.0.40219.1
Project("{2150E333-8FDC-42A3-9474-1A3956D46DE8}") = "src", "src", "{F75CE193-0C65-4C21-93B1-90C2A4EDA45B}"
EndProject
Project("{FAE04EC0-301F-11D3-BF4B-00C04F79EFBC}") = "database", "src\database\database.csproj", "{6600E269-ABE7-489D-B1A1-2EB7BF1DE8C1}"
EndProject
Project("{FAE04EC0-301F-11D3-BF4B-00C04F79EFBC}") = "database-migration", "src\database-migration\database-migration.csproj", "{C2F4BD30-28B9-4EAD-BB7B-6571B4A46D42}"
EndProject
Project("{FAE04EC0-301F-11D3-BF4B-00C04F79EFBC}") = "service", "src\service\service.csproj", "{28281BB7-5A36-4D16-813E-D33729266345}"
EndProject
Project("{FAE04EC0-301F-11D3-BF4B-00C04F79EFBC}") = "webapi", "src\webapi\webapi.csproj", "{A947BB6B-0D3A-4916-B47A-847CB25E0DA0}"
EndProject
Project("{2150E333-8FDC-42A3-9474-1A3956D46DE8}") = "test", "test", "{CD8C7F0F-C68D-4362-9AD1-B8BA6E24F085}"
EndProject
Project("{FAE04EC0-301F-11D3-BF4B-00C04F79EFBC}") = "service_test", "test\service_test\service_test.csproj", "{8E88E0BD-EEF4-4836-BD4A-6F02D75CF92D}"
EndProject
Global
	GlobalSection(SolutionConfigurationPlatforms) = preSolution
		Debug|Any CPU = Debug|Any CPU
		Release|Any CPU = Release|Any CPU
	EndGlobalSection
	GlobalSection(SolutionProperties) = preSolution
		HideSolutionNode = FALSE
	EndGlobalSection
	GlobalSection(ProjectConfigurationPlatforms) = postSolution
		{6600E269-ABE7-489D-B1A1-2EB7BF1DE8C1}.Debug|Any CPU.ActiveCfg = Debug|Any CPU
		{6600E269-ABE7-489D-B1A1-2EB7BF1DE8C1}.Debug|Any CPU.Build.0 = Debug|Any CPU
		{6600E269-ABE7-489D-B1A1-2EB7BF1DE8C1}.Release|Any CPU.ActiveCfg = Release|Any CPU
		{6600E269-ABE7-489D-B1A1-2EB7BF1DE8C1}.Release|Any CPU.Build.0 = Release|Any CPU
		{C2F4BD30-28B9-4EAD-BB7B-6571B4A46D42}.Debug|Any CPU.ActiveCfg = Debug|Any CPU
		{C2F4BD30-28B9-4EAD-BB7B-6571B4A46D42}.Debug|Any CPU.Build.0 = Debug|Any CPU
		{C2F4BD30-28B9-4EAD-BB7B-6571B4A46D42}.Release|Any CPU.ActiveCfg = Release|Any CPU
		{C2F4BD30-28B9-4EAD-BB7B-6571B4A46D42}.Release|Any CPU.Build.0 = Release|Any CPU
		{28281BB7-5A36-4D16-813E-D33729266345}.Debug|Any CPU.ActiveCfg = Debug|Any CPU
		{28281BB7-5A36-4D16-813E-D33729266345}.Debug|Any CPU.Build.0 = Debug|Any CPU
		{28281BB7-5A36-4D16-813E-D33729266345}.Release|Any CPU.ActiveCfg = Release|Any CPU
		{28281BB7-5A36-4D16-813E-D33729266345}.Release|Any CPU.Build.0 = Release|Any CPU
		{A947BB6B-0D3A-4916-B47A-847CB25E0DA0}.Debug|Any CPU.ActiveCfg = Debug|Any CPU
		{A947BB6B-0D3A-4916-B47A-847CB25E0DA0}.Debug|Any CPU.Build.0 = Debug|Any CPU
		{A947BB6B-0D3A-4916-B47A-847CB25E0DA0}.Release|Any CPU.ActiveCfg = Release|Any CPU
		{A947BB6B-0D3A-4916-B47A-847CB25E0DA0}.Release|Any CPU.Build.0 = Release|Any CPU
		{8E88E0BD-EEF4-4836-BD4A-6F02D75CF92D}.Debug|Any CPU.ActiveCfg = Debug|Any CPU
		{8E88E0BD-EEF4-4836-BD4A-6F02D75CF92D}.Debug|Any CPU.Build.0 = Debug|Any CPU
		{8E88E0BD-EEF4-4836-BD4A-6F02D75CF92D}.Release|Any CPU.ActiveCfg = Release|Any CPU
		{8E88E0BD-EEF4-4836-BD4A-6F02D75CF92D}.Release|Any CPU.Build.0 = Release|Any CPU
	EndGlobalSection
	GlobalSection(NestedProjects) = preSolution
		{6600E269-ABE7-489D-B1A1-2EB7BF1DE8C1} = {F75CE193-0C65-4C21-93B1-90C2A4EDA45B}
		{C2F4BD30-28B9-4EAD-BB7B-6571B4A46D42} = {F75CE193-0C65-4C21-93B1-90C2A4EDA45B}
		{28281BB7-5A36-4D16-813E-D33729266345} = {F75CE193-0C65-4C21-93B1-90C2A4EDA45B}
		{A947BB6B-0D3A-4916-B47A-847CB25E0DA0} = {F75CE193-0C65-4C21-93B1-90C2A4EDA45B}
		{8E88E0BD-EEF4-4836-BD4A-6F02D75CF92D} = {CD8C7F0F-C68D-4362-9AD1-B8BA6E24F085}
	EndGlobalSection
EndGlobal
